{
  "requires": true,
  "lockfileVersion": 1,
  "dependencies": {
    "alerts": {
      "version": "0.1.3",
      "resolved": "https://registry.npmmirror.com/alerts/-/alerts-0.1.3.tgz",
      "integrity": "sha512-sklS9bxrLVKq4OLO2FP63822X7yhFVFqVPNAa3tLwMpUI1fgIS0ZFYIZkrF74fne/udtwPzud4ZP0ukSemPSLA=="
    },
    "gitbook-plugin-expandable-chapters": {
      "version": "0.2.0",
      "resolved": "https://registry.npmmirror.com/gitbook-plugin-expandable-chapters/-/gitbook-plugin-expandable-chapters-0.2.0.tgz",
      "integrity": "sha1-RdcIeuaQekH0gSjFT+ViJKnBraI="
    }
  }
}
